
Microsoft Visual Studio Solution File, Format Version 12.00
# Visual Studio Version 17
VisualStudioVersion = 17.1.32407.343
MinimumVisualStudioVersion = 10.0.40219.1
Project("{2150E333-8FDC-42A3-9474-1A3956D46DE8}") = "01.Common", "01.Common", "{C202A0AE-8F76-4C14-BE4F-DB0DF1BB2A02}"
EndProject
Project("{2150E333-8FDC-42A3-9474-1A3956D46DE8}") = "03.Device", "03.Device", "{E906C5C8-91ED-4599-9E2E-501F26B5F6D1}"
	ProjectSection(SolutionItems) = preProject
		03.Device\Readme.md = 03.Device\Readme.md
	EndProjectSection
EndProject
Project("{2150E333-8FDC-42A3-9474-1A3956D46DE8}") = "04.Command", "04.Command", "{9B029CE1-9A77-425F-9663-DD51E7760C7D}"
	ProjectSection(SolutionItems) = preProject
		Readme.md = Readme.md
	EndProjectSection
EndProject
Project("{2150E333-8FDC-42A3-9474-1A3956D46DE8}") = "02.Model", "02.Model", "{94553739-7F42-4F82-837D-107BF0F1FA35}"
EndProject
Project("{2150E333-8FDC-42A3-9474-1A3956D46DE8}") = "05.App", "05.App", "{A89B21C4-A86C-4AC8-8DA0-C7BD78DFAE19}"
EndProject
Project("{9A19103F-16F7-4668-BE54-9A1E7A4F7556}") = "CST.ICS.Gateway", "05.App\CST.ICS.Gateway\CST.ICS.Gateway.csproj", "{583F5231-3342-4E1C-9E2A-99C2FF471E9D}"
EndProject
Project("{9A19103F-16F7-4668-BE54-9A1E7A4F7556}") = "CST.ICS.Gateway.Common", "01.Common\CST.ICS.Gateway.Common\CST.ICS.Gateway.Common.csproj", "{44C35DF5-D965-4773-BBA4-8D097B23C047}"
EndProject
Project("{2150E333-8FDC-42A3-9474-1A3956D46DE8}") = "06.Test", "06.Test", "{BC16654A-0DFE-42D6-91AF-74659A504530}"
EndProject
Project("{9A19103F-16F7-4668-BE54-9A1E7A4F7556}") = "CST.ICS.Gateway.Test", "06.Test\CST.ICS.Gateway.Test\CST.ICS.Gateway.Test.csproj", "{B7E1D1D7-4844-4F3E-90BC-887AABFD93D2}"
EndProject
Global
	GlobalSection(SolutionConfigurationPlatforms) = preSolution
		Debug|Any CPU = Debug|Any CPU
		Release|Any CPU = Release|Any CPU
	EndGlobalSection
	GlobalSection(ProjectConfigurationPlatforms) = postSolution
		{583F5231-3342-4E1C-9E2A-99C2FF471E9D}.Debug|Any CPU.ActiveCfg = Debug|Any CPU
		{583F5231-3342-4E1C-9E2A-99C2FF471E9D}.Debug|Any CPU.Build.0 = Debug|Any CPU
		{583F5231-3342-4E1C-9E2A-99C2FF471E9D}.Release|Any CPU.ActiveCfg = Release|Any CPU
		{583F5231-3342-4E1C-9E2A-99C2FF471E9D}.Release|Any CPU.Build.0 = Release|Any CPU
		{44C35DF5-D965-4773-BBA4-8D097B23C047}.Debug|Any CPU.ActiveCfg = Debug|Any CPU
		{44C35DF5-D965-4773-BBA4-8D097B23C047}.Debug|Any CPU.Build.0 = Debug|Any CPU
		{44C35DF5-D965-4773-BBA4-8D097B23C047}.Release|Any CPU.ActiveCfg = Release|Any CPU
		{44C35DF5-D965-4773-BBA4-8D097B23C047}.Release|Any CPU.Build.0 = Release|Any CPU
		{B7E1D1D7-4844-4F3E-90BC-887AABFD93D2}.Debug|Any CPU.ActiveCfg = Debug|Any CPU
		{B7E1D1D7-4844-4F3E-90BC-887AABFD93D2}.Debug|Any CPU.Build.0 = Debug|Any CPU
		{B7E1D1D7-4844-4F3E-90BC-887AABFD93D2}.Release|Any CPU.ActiveCfg = Release|Any CPU
		{B7E1D1D7-4844-4F3E-90BC-887AABFD93D2}.Release|Any CPU.Build.0 = Release|Any CPU
	EndGlobalSection
	GlobalSection(SolutionProperties) = preSolution
		HideSolutionNode = FALSE
	EndGlobalSection
	GlobalSection(NestedProjects) = preSolution
		{583F5231-3342-4E1C-9E2A-99C2FF471E9D} = {A89B21C4-A86C-4AC8-8DA0-C7BD78DFAE19}
		{44C35DF5-D965-4773-BBA4-8D097B23C047} = {C202A0AE-8F76-4C14-BE4F-DB0DF1BB2A02}
		{B7E1D1D7-4844-4F3E-90BC-887AABFD93D2} = {BC16654A-0DFE-42D6-91AF-74659A504530}
	EndGlobalSection
	GlobalSection(ExtensibilityGlobals) = postSolution
		SolutionGuid = {7423CFF4-9260-4C4E-B80D-8720E35B758C}
	EndGlobalSection
EndGlobal
